---
lockfileVersion: 1
lockfileVendor: redhat
arches:
- arch: aarch64
  packages:
  - url: https://cdn-ubi.redhat.com/content/public/ubi/dist/ubi10/10/aarch64/baseos/os/Packages/r/rsync-3.4.1-6.el10_2.aarch64.rpm
    repoid: ubi-10-for-aarch64-baseos-rpms
    size: 427680
    checksum: sha256:dac3a05371b5d185f670f1d2dadfec17c2529ea4afefec97f874608ec50b7879
    name: rsync
    evr: 3.4.1-6.el10_2
    sourcerpm: rsync-3.4.1-6.el10_2.src.rpm
  - url: https://cdn-ubi.redhat.com/content/public/ubi/dist/ubi10/10/aarch64/baseos/os/Packages/t/tar-1.35-11.el10.aarch64.rpm
    repoid: ubi-10-for-aarch64-baseos-rpms
    size: 884642
    checksum: sha256:24f1084bf385ecd0271b78163dd3d8ae8776a322d5a3f9ffbfbefc0b6bff83ba
    name: tar
    evr: 2:1.35-11.el10
    sourcerpm: tar-1.35-11.el10.src.rpm
  source: []
  module_metadata: []
- arch: ppc64le
  packages:
  - url: https://cdn-ubi.redhat.com/content/public/ubi/dist/ubi10/10/ppc64le/baseos/os/Packages/r/rsync-3.4.1-6.el10_2.ppc64le.rpm
    repoid: ubi-10-for-ppc64le-baseos-rpms
    size: 454152
    checksum: sha256:a86ea6d066a2d94be2e07ce67447ec90f65f8f2dd22e93510eb0f2a0bcee30e7
    name: rsync
    evr: 3.4.1-6.el10_2
    sourcerpm: rsync-3.4.1-6.el10_2.src.rpm
  - url: https://cdn-ubi.redhat.com/content/public/ubi/dist/ubi10/10/ppc64le/baseos/os/Packages/t/tar-1.35-11.el10.ppc64le.rpm
    repoid: ubi-10-for-ppc64le-baseos-rpms
    size: 913856
    checksum: sha256:4f430b9aad8c0bc2dbcd2759d9bced8274c53b39d9360e780af424d6ab7c4347
    name: tar
    evr: 2:1.35-11.el10
    sourcerpm: tar-1.35-11.el10.src.rpm
  source: []
  module_metadata: []
- arch: s390x
  packages:
  - url: https://cdn-ubi.redhat.com/content/public/ubi/dist/ubi10/10/s390x/baseos/os/Packages/r/rsync-3.4.1-6.el10_2.s390x.rpm
    repoid: ubi-10-for-s390x-baseos-rpms
    size: 454012
    checksum: sha256:69232a2c7a4fd3037d28f6f9baa0792326dffaff736f93d5ebeeb337f822ac79
    name: rsync
    evr: 3.4.1-6.el10_2
    sourcerpm: rsync-3.4.1-6.el10_2.src.rpm
  - url: https://cdn-ubi.redhat.com/content/public/ubi/dist/ubi10/10/s390x/baseos/os/Packages/t/tar-1.35-11.el10.s390x.rpm
    repoid: ubi-10-for-s390x-baseos-rpms
    size: 909857
    checksum: sha256:4ebf0524c704c09e80493d7361e773b348f4178cae7b7458aabeddca12778886
    name: tar
    evr: 2:1.35-11.el10
    sourcerpm: tar-1.35-11.el10.src.rpm
  source: []
  module_metadata: []
- arch: x86_64
  packages:
  - url: https://cdn-ubi.redhat.com/content/public/ubi/dist/ubi10/10/x86_64/baseos/os/Packages/r/rsync-3.4.1-6.el10_2.x86_64.rpm
    repoid: ubi-10-for-x86_64-baseos-rpms
    size: 433746
    checksum: sha256:18b32d39889e7d7b23c21c3f60fe7860901d4e8855fcf12d5a6c8b8bb061d1e7
    name: rsync
    evr: 3.4.1-6.el10_2
    sourcerpm: rsync-3.4.1-6.el10_2.src.rpm
  - url: https://cdn-ubi.redhat.com/content/public/ubi/dist/ubi10/10/x86_64/baseos/os/Packages/t/tar-1.35-11.el10.x86_64.rpm
    repoid: ubi-10-for-x86_64-baseos-rpms
    size: 894117
    checksum: sha256:4af5261210bc2354bb4f82b1cf9baa023d4e1bd8683440cc24d5feed251f3923
    name: tar
    evr: 2:1.35-11.el10
    sourcerpm: tar-1.35-11.el10.src.rpm
  source: []
  module_metadata: []
